
Microsoft Visual Studio Solution File, Format Version 12.00
# Visual Studio 15
VisualStudioVersion = 15.0.27004.2006
MinimumVisualStudioVersion = 10.0.40219.1
Project("{2150E333-8FDC-42A3-9474-1A3956D46DE8}") = "0 - Apresentação", "0 - Apresentação", "{69570954-4DAC-48F2-96FA-B1B4921E86DB}"
EndProject
Project("{2150E333-8FDC-42A3-9474-1A3956D46DE8}") = "3 - Infra", "3 - Infra", "{CA86BD98-8768-43A1-A482-F475A2C0F729}"
EndProject
Project("{2150E333-8FDC-42A3-9474-1A3956D46DE8}") = "2 - Dominio", "2 - Dominio", "{32AF86EE-61AA-4A42-9E19-9F3654771D98}"
EndProject
Project("{2150E333-8FDC-42A3-9474-1A3956D46DE8}") = "1 - Aplicação", "1 - Aplicação", "{75025FC1-191F-4258-9B4C-3E5CB34A477D}"
EndProject
Project("{FAE04EC0-301F-11D3-BF4B-00C04F79EFBC}") = "RAHSys.Dominio.Entidades", "RAHSys.Entidades\RAHSys.Dominio.Entidades.csproj", "{173F46C6-E4E8-4FB6-BAFB-A25A1560B09C}"
EndProject
Project("{2150E333-8FDC-42A3-9474-1A3956D46DE8}") = "3.2 - Dados", "3.2 - Dados", "{DE8039E2-6118-4CD9-A247-C31A2347D0B5}"
EndProject
Project("{FAE04EC0-301F-11D3-BF4B-00C04F79EFBC}") = "RAHSys.Infra.Dados", "RAHSys.Infra.Dados\RAHSys.Infra.Dados.csproj", "{F8D891E8-4056-4F3F-BEED-2379498F6E70}"
EndProject
Project("{2150E333-8FDC-42A3-9474-1A3956D46DE8}") = "3.1 - CrossCutting", "3.1 - CrossCutting", "{452A86BF-D48E-427B-A9EC-C84A7E727522}"
EndProject
Project("{FAE04EC0-301F-11D3-BF4B-00C04F79EFBC}") = "RAHSys.Infra.CrossCutting.IoC", "RAHSys.Infra.CrossCutting.IoC\RAHSys.Infra.CrossCutting.IoC.csproj", "{BDA642AE-7AAE-4EC1-B370-D481F287FBB3}"
EndProject
Project("{FAE04EC0-301F-11D3-BF4B-00C04F79EFBC}") = "RAHSys.Aplicacao", "RAHSys.Aplicacao\RAHSys.Aplicacao.csproj", "{7615F75C-12C1-4316-8E7E-7C632CDB5BCC}"
EndProject
Project("{2150E333-8FDC-42A3-9474-1A3956D46DE8}") = "4 - Extras", "4 - Extras", "{CBEEE14B-2C1E-4537-BF48-FC422065B08F}"
EndProject
Project("{FAE04EC0-301F-11D3-BF4B-00C04F79EFBC}") = "RAHSys.Extras", "RAHSys.Extras\RAHSys.Extras.csproj", "{FEDAE43C-7914-4553-B02E-8DEFA8AEB1E6}"
EndProject
Project("{FAE04EC0-301F-11D3-BF4B-00C04F79EFBC}") = "RAHSys.Infra.CrossCutting.Exceptions", "RAHSys.Infra.CrossCutting.Exceptions\RAHSys.Infra.CrossCutting.Exceptions.csproj", "{CF13771B-3A99-4F43-85AB-3CE7F3A8EBC4}"
EndProject
Project("{FAE04EC0-301F-11D3-BF4B-00C04F79EFBC}") = "RAHSys.Apresentacao", "RAHSys.Apresentacao\RAHSys.Apresentacao.csproj", "{C6D4CEC1-F05A-4AF2-B688-3AAD640A075E}"
EndProject
Project("{FAE04EC0-301F-11D3-BF4B-00C04F79EFBC}") = "RAHSys.Dominio.Servicos", "RAHSys.Dominio.Servicos\RAHSys.Dominio.Servicos.csproj", "{E21BA9C2-8EE8-467E-B909-3B7114C6D646}"
EndProject
Global
	GlobalSection(SolutionConfigurationPlatforms) = preSolution
		Debug|Any CPU = Debug|Any CPU
		Release|Any CPU = Release|Any CPU
	EndGlobalSection
	GlobalSection(ProjectConfigurationPlatforms) = postSolution
		{173F46C6-E4E8-4FB6-BAFB-A25A1560B09C}.Debug|Any CPU.ActiveCfg = Debug|Any CPU
		{173F46C6-E4E8-4FB6-BAFB-A25A1560B09C}.Debug|Any CPU.Build.0 = Debug|Any CPU
		{173F46C6-E4E8-4FB6-BAFB-A25A1560B09C}.Release|Any CPU.ActiveCfg = Release|Any CPU
		{173F46C6-E4E8-4FB6-BAFB-A25A1560B09C}.Release|Any CPU.Build.0 = Release|Any CPU
		{F8D891E8-4056-4F3F-BEED-2379498F6E70}.Debug|Any CPU.ActiveCfg = Debug|Any CPU
		{F8D891E8-4056-4F3F-BEED-2379498F6E70}.Debug|Any CPU.Build.0 = Debug|Any CPU
		{F8D891E8-4056-4F3F-BEED-2379498F6E70}.Release|Any CPU.ActiveCfg = Release|Any CPU
		{F8D891E8-4056-4F3F-BEED-2379498F6E70}.Release|Any CPU.Build.0 = Release|Any CPU
		{BDA642AE-7AAE-4EC1-B370-D481F287FBB3}.Debug|Any CPU.ActiveCfg = Debug|Any CPU
		{BDA642AE-7AAE-4EC1-B370-D481F287FBB3}.Debug|Any CPU.Build.0 = Debug|Any CPU
		{BDA642AE-7AAE-4EC1-B370-D481F287FBB3}.Release|Any CPU.ActiveCfg = Release|Any CPU
		{BDA642AE-7AAE-4EC1-B370-D481F287FBB3}.Release|Any CPU.Build.0 = Release|Any CPU
		{7615F75C-12C1-4316-8E7E-7C632CDB5BCC}.Debug|Any CPU.ActiveCfg = Debug|Any CPU
		{7615F75C-12C1-4316-8E7E-7C632CDB5BCC}.Debug|Any CPU.Build.0 = Debug|Any CPU
		{7615F75C-12C1-4316-8E7E-7C632CDB5BCC}.Release|Any CPU.ActiveCfg = Release|Any CPU
		{7615F75C-12C1-4316-8E7E-7C632CDB5BCC}.Release|Any CPU.Build.0 = Release|Any CPU
		{FEDAE43C-7914-4553-B02E-8DEFA8AEB1E6}.Debug|Any CPU.ActiveCfg = Debug|Any CPU
		{FEDAE43C-7914-4553-B02E-8DEFA8AEB1E6}.Debug|Any CPU.Build.0 = Debug|Any CPU
		{FEDAE43C-7914-4553-B02E-8DEFA8AEB1E6}.Release|Any CPU.ActiveCfg = Release|Any CPU
		{FEDAE43C-7914-4553-B02E-8DEFA8AEB1E6}.Release|Any CPU.Build.0 = Release|Any CPU
		{CF13771B-3A99-4F43-85AB-3CE7F3A8EBC4}.Debug|Any CPU.ActiveCfg = Debug|Any CPU
		{CF13771B-3A99-4F43-85AB-3CE7F3A8EBC4}.Debug|Any CPU.Build.0 = Debug|Any CPU
		{CF13771B-3A99-4F43-85AB-3CE7F3A8EBC4}.Release|Any CPU.ActiveCfg = Release|Any CPU
		{CF13771B-3A99-4F43-85AB-3CE7F3A8EBC4}.Release|Any CPU.Build.0 = Release|Any CPU
		{C6D4CEC1-F05A-4AF2-B688-3AAD640A075E}.Debug|Any CPU.ActiveCfg = Debug|Any CPU
		{C6D4CEC1-F05A-4AF2-B688-3AAD640A075E}.Debug|Any CPU.Build.0 = Debug|Any CPU
		{C6D4CEC1-F05A-4AF2-B688-3AAD640A075E}.Release|Any CPU.ActiveCfg = Release|Any CPU
		{C6D4CEC1-F05A-4AF2-B688-3AAD640A075E}.Release|Any CPU.Build.0 = Release|Any CPU
		{E21BA9C2-8EE8-467E-B909-3B7114C6D646}.Debug|Any CPU.ActiveCfg = Debug|Any CPU
		{E21BA9C2-8EE8-467E-B909-3B7114C6D646}.Debug|Any CPU.Build.0 = Debug|Any CPU
		{E21BA9C2-8EE8-467E-B909-3B7114C6D646}.Release|Any CPU.ActiveCfg = Release|Any CPU
		{E21BA9C2-8EE8-467E-B909-3B7114C6D646}.Release|Any CPU.Build.0 = Release|Any CPU
	EndGlobalSection
	GlobalSection(SolutionProperties) = preSolution
		HideSolutionNode = FALSE
	EndGlobalSection
	GlobalSection(NestedProjects) = preSolution
		{173F46C6-E4E8-4FB6-BAFB-A25A1560B09C} = {32AF86EE-61AA-4A42-9E19-9F3654771D98}
		{DE8039E2-6118-4CD9-A247-C31A2347D0B5} = {CA86BD98-8768-43A1-A482-F475A2C0F729}
		{F8D891E8-4056-4F3F-BEED-2379498F6E70} = {DE8039E2-6118-4CD9-A247-C31A2347D0B5}
		{452A86BF-D48E-427B-A9EC-C84A7E727522} = {CA86BD98-8768-43A1-A482-F475A2C0F729}
		{BDA642AE-7AAE-4EC1-B370-D481F287FBB3} = {452A86BF-D48E-427B-A9EC-C84A7E727522}
		{7615F75C-12C1-4316-8E7E-7C632CDB5BCC} = {75025FC1-191F-4258-9B4C-3E5CB34A477D}
		{FEDAE43C-7914-4553-B02E-8DEFA8AEB1E6} = {CBEEE14B-2C1E-4537-BF48-FC422065B08F}
		{CF13771B-3A99-4F43-85AB-3CE7F3A8EBC4} = {452A86BF-D48E-427B-A9EC-C84A7E727522}
		{C6D4CEC1-F05A-4AF2-B688-3AAD640A075E} = {69570954-4DAC-48F2-96FA-B1B4921E86DB}
		{E21BA9C2-8EE8-467E-B909-3B7114C6D646} = {32AF86EE-61AA-4A42-9E19-9F3654771D98}
	EndGlobalSection
	GlobalSection(ExtensibilityGlobals) = postSolution
		SolutionGuid = {40FB3E43-0D9B-4307-BCCC-D5962292D435}
	EndGlobalSection
EndGlobal
